
Microsoft Visual Studio Solution File, Format Version 12.00
# Visual Studio Version 17
VisualStudioVersion = 17.11.35222.181
MinimumVisualStudioVersion = 10.0.40219.1
Project("{9A19103F-16F7-4668-BE54-9A1E7A4F7556}") = "sem-03-cs", "sem-03-cs\sem-03-cs.csproj", "{0FC5CDD1-A549-4FE5-81DC-0DEAD7AA8E8E}"
EndProject
Project("{9A19103F-16F7-4668-BE54-9A1E7A4F7556}") = "WpfApp1", "WpfApp1\WpfApp1.csproj", "{C956CD71-FEC3-4158-97FD-E4242F42955B}"
EndProject
Project("{FAE04EC0-301F-11D3-BF4B-00C04F79EFBC}") = "WpfApp04", "WpfApp04\WpfApp04.csproj", "{8C4B48A3-1A3F-450A-8CFB-1013B6BF9BDA}"
EndProject
Global
	GlobalSection(SolutionConfigurationPlatforms) = preSolution
		Debug|Any CPU = Debug|Any CPU
		Release|Any CPU = Release|Any CPU
	EndGlobalSection
	GlobalSection(ProjectConfigurationPlatforms) = postSolution
		{0FC5CDD1-A549-4FE5-81DC-0DEAD7AA8E8E}.Debug|Any CPU.ActiveCfg = Debug|Any CPU
		{0FC5CDD1-A549-4FE5-81DC-0DEAD7AA8E8E}.Debug|Any CPU.Build.0 = Debug|Any CPU
		{0FC5CDD1-A549-4FE5-81DC-0DEAD7AA8E8E}.Release|Any CPU.ActiveCfg = Release|Any CPU
		{0FC5CDD1-A549-4FE5-81DC-0DEAD7AA8E8E}.Release|Any CPU.Build.0 = Release|Any CPU
		{C956CD71-FEC3-4158-97FD-E4242F42955B}.Debug|Any CPU.ActiveCfg = Debug|Any CPU
		{C956CD71-FEC3-4158-97FD-E4242F42955B}.Debug|Any CPU.Build.0 = Debug|Any CPU
		{C956CD71-FEC3-4158-97FD-E4242F42955B}.Release|Any CPU.ActiveCfg = Release|Any CPU
		{C956CD71-FEC3-4158-97FD-E4242F42955B}.Release|Any CPU.Build.0 = Release|Any CPU
		{8C4B48A3-1A3F-450A-8CFB-1013B6BF9BDA}.Debug|Any CPU.ActiveCfg = Debug|Any CPU
		{8C4B48A3-1A3F-450A-8CFB-1013B6BF9BDA}.Debug|Any CPU.Build.0 = Debug|Any CPU
		{8C4B48A3-1A3F-450A-8CFB-1013B6BF9BDA}.Release|Any CPU.ActiveCfg = Release|Any CPU
		{8C4B48A3-1A3F-450A-8CFB-1013B6BF9BDA}.Release|Any CPU.Build.0 = Release|Any CPU
	EndGlobalSection
	GlobalSection(SolutionProperties) = preSolution
		HideSolutionNode = FALSE
	EndGlobalSection
	GlobalSection(ExtensibilityGlobals) = postSolution
		SolutionGuid = {C1D47A8D-322D-4AA6-8403-F67C5D3B9B09}
	EndGlobalSection
EndGlobal
